
Microsoft Visual Studio Solution File, Format Version 12.00
# Visual Studio Version 17
VisualStudioVersion = 17.0.31903.59
MinimumVisualStudioVersion = 10.0.40219.1
Project("{FAE04EC0-301F-11D3-BF4B-00C04F79EFBC}") = "Acme.Domain", "Acme.Domain\Acme.Domain.csproj", "{6C98CA7B-3D74-414C-9CC8-CC748815690C}"
EndProject
Project("{FAE04EC0-301F-11D3-BF4B-00C04F79EFBC}") = "Acme.Application", "Acme.Application\Acme.Application.csproj", "{0224F1C1-3668-45DF-A32D-9E3BEA94D9F6}"
EndProject
Project("{FAE04EC0-301F-11D3-BF4B-00C04F79EFBC}") = "Acme.Infrastructure", "Acme.Infrastructure\Acme.Infrastructure.csproj", "{B1177825-96D8-4B8A-A0DF-82623924E5B9}"
EndProject
Project("{FAE04EC0-301F-11D3-BF4B-00C04F79EFBC}") = "Acme.Api", "Acme.Api\Acme.Api.csproj", "{B30E3D3E-D9A0-43F6-A5DC-281470EDE846}"
EndProject
Project("{2150E333-8FDC-42A3-9474-1A3956D46DE8}") = "Tests", "Tests", "{0AB3BF05-4346-4AA6-1389-037BE0695223}"
EndProject
Project("{FAE04EC0-301F-11D3-BF4B-00C04F79EFBC}") = "Domain.Tests", "Tests\Domain.Tests\Domain.Tests.csproj", "{EBC5CDB1-1D96-47FB-9339-8D883A1A86FA}"
EndProject
Project("{FAE04EC0-301F-11D3-BF4B-00C04F79EFBC}") = "Application.Tests", "Tests\Application.Tests\Application.Tests.csproj", "{FED69FF4-F722-4503-91CB-2973EC3686C8}"
EndProject
Project("{FAE04EC0-301F-11D3-BF4B-00C04F79EFBC}") = "Infrastructure.Tests", "Tests\Infrastructure.Tests\Infrastructure.Tests.csproj", "{58457779-068D-49A3-9D74-A98B483466A3}"
EndProject
Project("{FAE04EC0-301F-11D3-BF4B-00C04F79EFBC}") = "Web.Api.IntegrationTests", "Tests\Web.Api.IntegrationTests\Web.Api.IntegrationTests.csproj", "{7DB70F2D-5A4D-4C3F-A993-8AB4CE9BB7CE}"
EndProject
Global
	GlobalSection(SolutionConfigurationPlatforms) = preSolution
		Debug|Any CPU = Debug|Any CPU
		Debug|x64 = Debug|x64
		Debug|x86 = Debug|x86
		Release|Any CPU = Release|Any CPU
		Release|x64 = Release|x64
		Release|x86 = Release|x86
	EndGlobalSection
	GlobalSection(ProjectConfigurationPlatforms) = postSolution
		{6C98CA7B-3D74-414C-9CC8-CC748815690C}.Debug|Any CPU.ActiveCfg = Debug|Any CPU
		{6C98CA7B-3D74-414C-9CC8-CC748815690C}.Debug|Any CPU.Build.0 = Debug|Any CPU
		{6C98CA7B-3D74-414C-9CC8-CC748815690C}.Debug|x64.ActiveCfg = Debug|Any CPU
		{6C98CA7B-3D74-414C-9CC8-CC748815690C}.Debug|x64.Build.0 = Debug|Any CPU
		{6C98CA7B-3D74-414C-9CC8-CC748815690C}.Debug|x86.ActiveCfg = Debug|Any CPU
		{6C98CA7B-3D74-414C-9CC8-CC748815690C}.Debug|x86.Build.0 = Debug|Any CPU
		{6C98CA7B-3D74-414C-9CC8-CC748815690C}.Release|Any CPU.ActiveCfg = Release|Any CPU
		{6C98CA7B-3D74-414C-9CC8-CC748815690C}.Release|Any CPU.Build.0 = Release|Any CPU
		{6C98CA7B-3D74-414C-9CC8-CC748815690C}.Release|x64.ActiveCfg = Release|Any CPU
		{6C98CA7B-3D74-414C-9CC8-CC748815690C}.Release|x64.Build.0 = Release|Any CPU
		{6C98CA7B-3D74-414C-9CC8-CC748815690C}.Release|x86.ActiveCfg = Release|Any CPU
		{6C98CA7B-3D74-414C-9CC8-CC748815690C}.Release|x86.Build.0 = Release|Any CPU
		{0224F1C1-3668-45DF-A32D-9E3BEA94D9F6}.Debug|Any CPU.ActiveCfg = Debug|Any CPU
		{0224F1C1-3668-45DF-A32D-9E3BEA94D9F6}.Debug|Any CPU.Build.0 = Debug|Any CPU
		{0224F1C1-3668-45DF-A32D-9E3BEA94D9F6}.Debug|x64.ActiveCfg = Debug|Any CPU
		{0224F1C1-3668-45DF-A32D-9E3BEA94D9F6}.Debug|x64.Build.0 = Debug|Any CPU
		{0224F1C1-3668-45DF-A32D-9E3BEA94D9F6}.Debug|x86.ActiveCfg = Debug|Any CPU
		{0224F1C1-3668-45DF-A32D-9E3BEA94D9F6}.Debug|x86.Build.0 = Debug|Any CPU
		{0224F1C1-3668-45DF-A32D-9E3BEA94D9F6}.Release|Any CPU.ActiveCfg = Release|Any CPU
		{0224F1C1-3668-45DF-A32D-9E3BEA94D9F6}.Release|Any CPU.Build.0 = Release|Any CPU
		{0224F1C1-3668-45DF-A32D-9E3BEA94D9F6}.Release|x64.ActiveCfg = Release|Any CPU
		{0224F1C1-3668-45DF-A32D-9E3BEA94D9F6}.Release|x64.Build.0 = Release|Any CPU
		{0224F1C1-3668-45DF-A32D-9E3BEA94D9F6}.Release|x86.ActiveCfg = Release|Any CPU
		{0224F1C1-3668-45DF-A32D-9E3BEA94D9F6}.Release|x86.Build.0 = Release|Any CPU
		{B1177825-96D8-4B8A-A0DF-82623924E5B9}.Debug|Any CPU.ActiveCfg = Debug|Any CPU
		{B1177825-96D8-4B8A-A0DF-82623924E5B9}.Debug|Any CPU.Build.0 = Debug|Any CPU
		{B1177825-96D8-4B8A-A0DF-82623924E5B9}.Debug|x64.ActiveCfg = Debug|Any CPU
		{B1177825-96D8-4B8A-A0DF-82623924E5B9}.Debug|x64.Build.0 = Debug|Any CPU
		{B1177825-96D8-4B8A-A0DF-82623924E5B9}.Debug|x86.ActiveCfg = Debug|Any CPU
		{B1177825-96D8-4B8A-A0DF-82623924E5B9}.Debug|x86.Build.0 = Debug|Any CPU
		{B1177825-96D8-4B8A-A0DF-82623924E5B9}.Release|Any CPU.ActiveCfg = Release|Any CPU
		{B1177825-96D8-4B8A-A0DF-82623924E5B9}.Release|Any CPU.Build.0 = Release|Any CPU
		{B1177825-96D8-4B8A-A0DF-82623924E5B9}.Release|x64.ActiveCfg = Release|Any CPU
		{B1177825-96D8-4B8A-A0DF-82623924E5B9}.Release|x64.Build.0 = Release|Any CPU
		{B1177825-96D8-4B8A-A0DF-82623924E5B9}.Release|x86.ActiveCfg = Release|Any CPU
		{B1177825-96D8-4B8A-A0DF-82623924E5B9}.Release|x86.Build.0 = Release|Any CPU
		{B30E3D3E-D9A0-43F6-A5DC-281470EDE846}.Debug|Any CPU.ActiveCfg = Debug|Any CPU
		{B30E3D3E-D9A0-43F6-A5DC-281470EDE846}.Debug|Any CPU.Build.0 = Debug|Any CPU
		{B30E3D3E-D9A0-43F6-A5DC-281470EDE846}.Debug|x64.ActiveCfg = Debug|Any CPU
		{B30E3D3E-D9A0-43F6-A5DC-281470EDE846}.Debug|x64.Build.0 = Debug|Any CPU
		{B30E3D3E-D9A0-43F6-A5DC-281470EDE846}.Debug|x86.ActiveCfg = Debug|Any CPU
		{B30E3D3E-D9A0-43F6-A5DC-281470EDE846}.Debug|x86.Build.0 = Debug|Any CPU
		{B30E3D3E-D9A0-43F6-A5DC-281470EDE846}.Release|Any CPU.ActiveCfg = Release|Any CPU
		{B30E3D3E-D9A0-43F6-A5DC-281470EDE846}.Release|Any CPU.Build.0 = Release|Any CPU
		{B30E3D3E-D9A0-43F6-A5DC-281470EDE846}.Release|x64.ActiveCfg = Release|Any CPU
		{B30E3D3E-D9A0-43F6-A5DC-281470EDE846}.Release|x64.Build.0 = Release|Any CPU
		{B30E3D3E-D9A0-43F6-A5DC-281470EDE846}.Release|x86.ActiveCfg = Release|Any CPU
		{B30E3D3E-D9A0-43F6-A5DC-281470EDE846}.Release|x86.Build.0 = Release|Any CPU
		{EBC5CDB1-1D96-47FB-9339-8D883A1A86FA}.Debug|Any CPU.ActiveCfg = Debug|Any CPU
		{EBC5CDB1-1D96-47FB-9339-8D883A1A86FA}.Debug|Any CPU.Build.0 = Debug|Any CPU
		{EBC5CDB1-1D96-47FB-9339-8D883A1A86FA}.Debug|x64.ActiveCfg = Debug|Any CPU
		{EBC5CDB1-1D96-47FB-9339-8D883A1A86FA}.Debug|x64.Build.0 = Debug|Any CPU
		{EBC5CDB1-1D96-47FB-9339-8D883A1A86FA}.Debug|x86.ActiveCfg = Debug|Any CPU
		{EBC5CDB1-1D96-47FB-9339-8D883A1A86FA}.Debug|x86.Build.0 = Debug|Any CPU
		{EBC5CDB1-1D96-47FB-9339-8D883A1A86FA}.Release|Any CPU.ActiveCfg = Release|Any CPU
		{EBC5CDB1-1D96-47FB-9339-8D883A1A86FA}.Release|Any CPU.Build.0 = Release|Any CPU
		{EBC5CDB1-1D96-47FB-9339-8D883A1A86FA}.Release|x64.ActiveCfg = Release|Any CPU
		{EBC5CDB1-1D96-47FB-9339-8D883A1A86FA}.Release|x64.Build.0 = Release|Any CPU
		{EBC5CDB1-1D96-47FB-9339-8D883A1A86FA}.Release|x86.ActiveCfg = Release|Any CPU
		{EBC5CDB1-1D96-47FB-9339-8D883A1A86FA}.Release|x86.Build.0 = Release|Any CPU
		{FED69FF4-F722-4503-91CB-2973EC3686C8}.Debug|Any CPU.ActiveCfg = Debug|Any CPU
		{FED69FF4-F722-4503-91CB-2973EC3686C8}.Debug|Any CPU.Build.0 = Debug|Any CPU
		{FED69FF4-F722-4503-91CB-2973EC3686C8}.Debug|x64.ActiveCfg = Debug|Any CPU
		{FED69FF4-F722-4503-91CB-2973EC3686C8}.Debug|x64.Build.0 = Debug|Any CPU
		{FED69FF4-F722-4503-91CB-2973EC3686C8}.Debug|x86.ActiveCfg = Debug|Any CPU
		{FED69FF4-F722-4503-91CB-2973EC3686C8}.Debug|x86.Build.0 = Debug|Any CPU
		{FED69FF4-F722-4503-91CB-2973EC3686C8}.Release|Any CPU.ActiveCfg = Release|Any CPU
		{FED69FF4-F722-4503-91CB-2973EC3686C8}.Release|Any CPU.Build.0 = Release|Any CPU
		{FED69FF4-F722-4503-91CB-2973EC3686C8}.Release|x64.ActiveCfg = Release|Any CPU
		{FED69FF4-F722-4503-91CB-2973EC3686C8}.Release|x64.Build.0 = Release|Any CPU
		{FED69FF4-F722-4503-91CB-2973EC3686C8}.Release|x86.ActiveCfg = Release|Any CPU
		{FED69FF4-F722-4503-91CB-2973EC3686C8}.Release|x86.Build.0 = Release|Any CPU
		{58457779-068D-49A3-9D74-A98B483466A3}.Debug|Any CPU.ActiveCfg = Debug|Any CPU
		{58457779-068D-49A3-9D74-A98B483466A3}.Debug|Any CPU.Build.0 = Debug|Any CPU
		{58457779-068D-49A3-9D74-A98B483466A3}.Debug|x64.ActiveCfg = Debug|Any CPU
		{58457779-068D-49A3-9D74-A98B483466A3}.Debug|x64.Build.0 = Debug|Any CPU
		{58457779-068D-49A3-9D74-A98B483466A3}.Debug|x86.ActiveCfg = Debug|Any CPU
		{58457779-068D-49A3-9D74-A98B483466A3}.Debug|x86.Build.0 = Debug|Any CPU
		{58457779-068D-49A3-9D74-A98B483466A3}.Release|Any CPU.ActiveCfg = Release|Any CPU
		{58457779-068D-49A3-9D74-A98B483466A3}.Release|Any CPU.Build.0 = Release|Any CPU
		{58457779-068D-49A3-9D74-A98B483466A3}.Release|x64.ActiveCfg = Release|Any CPU
		{58457779-068D-49A3-9D74-A98B483466A3}.Release|x64.Build.0 = Release|Any CPU
		{58457779-068D-49A3-9D74-A98B483466A3}.Release|x86.ActiveCfg = Release|Any CPU
		{58457779-068D-49A3-9D74-A98B483466A3}.Release|x86.Build.0 = Release|Any CPU
		{7DB70F2D-5A4D-4C3F-A993-8AB4CE9BB7CE}.Debug|Any CPU.ActiveCfg = Debug|Any CPU
		{7DB70F2D-5A4D-4C3F-A993-8AB4CE9BB7CE}.Debug|Any CPU.Build.0 = Debug|Any CPU
		{7DB70F2D-5A4D-4C3F-A993-8AB4CE9BB7CE}.Debug|x64.ActiveCfg = Debug|Any CPU
		{7DB70F2D-5A4D-4C3F-A993-8AB4CE9BB7CE}.Debug|x64.Build.0 = Debug|Any CPU
		{7DB70F2D-5A4D-4C3F-A993-8AB4CE9BB7CE}.Debug|x86.ActiveCfg = Debug|Any CPU
		{7DB70F2D-5A4D-4C3F-A993-8AB4CE9BB7CE}.Debug|x86.Build.0 = Debug|Any CPU
		{7DB70F2D-5A4D-4C3F-A993-8AB4CE9BB7CE}.Release|Any CPU.ActiveCfg = Release|Any CPU
		{7DB70F2D-5A4D-4C3F-A993-8AB4CE9BB7CE}.Release|Any CPU.Build.0 = Release|Any CPU
		{7DB70F2D-5A4D-4C3F-A993-8AB4CE9BB7CE}.Release|x64.ActiveCfg = Release|Any CPU
		{7DB70F2D-5A4D-4C3F-A993-8AB4CE9BB7CE}.Release|x64.Build.0 = Release|Any CPU
		{7DB70F2D-5A4D-4C3F-A993-8AB4CE9BB7CE}.Release|x86.ActiveCfg = Release|Any CPU
		{7DB70F2D-5A4D-4C3F-A993-8AB4CE9BB7CE}.Release|x86.Build.0 = Release|Any CPU
	EndGlobalSection
	GlobalSection(SolutionProperties) = preSolution
		HideSolutionNode = FALSE
	EndGlobalSection
	GlobalSection(NestedProjects) = preSolution
		{EBC5CDB1-1D96-47FB-9339-8D883A1A86FA} = {0AB3BF05-4346-4AA6-1389-037BE0695223}
		{FED69FF4-F722-4503-91CB-2973EC3686C8} = {0AB3BF05-4346-4AA6-1389-037BE0695223}
		{58457779-068D-49A3-9D74-A98B483466A3} = {0AB3BF05-4346-4AA6-1389-037BE0695223}
		{7DB70F2D-5A4D-4C3F-A993-8AB4CE9BB7CE} = {0AB3BF05-4346-4AA6-1389-037BE0695223}
	EndGlobalSection
EndGlobal
